// !$*UTF8*$!
{
	archiveVersion = 1;
	classes = {
	};
	objectVersion = 56;
	objects = {

/* Begin PBXBuildFile section */
		3C13A70E2BAA2F5F00CC67B7 /* Camera.swift in Sources */ = {isa = PBXBuildFile; fileRef = 3C13A70D2BAA2F5F00CC67B7 /* Camera.swift */; };
		3C13A7112BAA4E8D00CC67B7 /* YOLOv8n.mlmodel in Sources */ = {isa = PBXBuildFile; fileRef = 3C13A7102BAA4E8D00CC67B7 /* YOLOv8n.mlmodel */; };
		3C13A7132BAA63B700CC67B7 /* YOLOv8s.mlmodel in Sources */ = {isa = PBXBuildFile; fileRef = 3C13A7122BAA63B700CC67B7 /* YOLOv8s.mlmodel */; };
		3C54E3D72BAA2717005BCD19 /* YOLOv8SwiftUIApp.swift in Sources */ = {isa = PBXBuildFile; fileRef = 3C54E3D62BAA2717005BCD19 /* YOLOv8SwiftUIApp.swift */; };
		3C54E3D92BAA2717005BCD19 /* ContentView.swift in Sources */ = {isa = PBXBuildFile; fileRef = 3C54E3D82BAA2717005BCD19 /* ContentView.swift */; };
		3C54E3DB2BAA2719005BCD19 /* Assets.xcassets in Resources */ = {isa = PBXBuildFile; fileRef = 3C54E3DA2BAA2719005BCD19 /* Assets.xcassets */; };
		3C54E3DF2BAA2719005BCD19 /* Preview Assets.xcassets in Resources */ = {isa = PBXBuildFile; fileRef = 3C54E3DE2BAA2719005BCD19 /* Preview Assets.xcassets */; };
/* End PBXBuildFile section */

/* Begin PBXFileReference section */
		3C13A70D2BAA2F5F00CC67B7 /* Camera.swift */ = {isa = PBXFileReference; lastKnownFileType = sourcecode.swift; path = Camera.swift; sourceTree = "<group>"; };
		3C13A7102BAA4E8D00CC67B7 /* YOLOv8n.mlmodel */ = {isa = PBXFileReference; lastKnownFileType = file.mlmodel; path = YOLOv8n.mlmodel; sourceTree = "<group>"; };
		3C13A7122BAA63B700CC67B7 /* YOLOv8s.mlmodel */ = {isa = PBXFileReference; lastKnownFileType = file.mlmodel; path = YOLOv8s.mlmodel; sourceTree = "<group>"; };
		3C54E3D32BAA2717005BCD19 /* YOLOv8SwiftUI.app */ = {isa = PBXFileReference; explicitFileType = wrapper.application; includeInIndex = 0; path = YOLOv8SwiftUI.app; sourceTree = BUILT_PRODUCTS_DIR; };
		3C54E3D62BAA2717005BCD19 /* YOLOv8SwiftUIApp.swift */ = {isa = PBXFileReference; lastKnownFileType = sourcecode.swift; path = YOLOv8SwiftUIApp.swift; sourceTree = "<group>"; };
		3C54E3D82BAA2717005BCD19 /* ContentView.swift */ = {isa = PBXFileReference; lastKnownFileType = sourcecode.swift; path = ContentView.swift; sourceTree = "<group>"; };
		3C54E3DA2BAA2719005BCD19 /* Assets.xcassets */ = {isa = PBXFileReference; lastKnownFileType = folder.assetcatalog; path = Assets.xcassets; sourceTree = "<group>"; };
		3C54E3DC2BAA2719005BCD19 /* YOLOv8SwiftUI.entitlements */ = {isa = PBXFileReference; lastKnownFileType = text.plist.entitlements; path = YOLOv8SwiftUI.entitlements; sourceTree = "<group>"; };
		3C54E3DE2BAA2719005BCD19 /* Preview Assets.xcassets */ = {isa = PBXFileReference; lastKnownFileType = folder.assetcatalog; path = "Preview Assets.xcassets"; sourceTree = "<group>"; };
/* End PBXFileReference section */

/* Begin PBXFrameworksBuildPhase section */
		3C54E3D02BAA2717005BCD19 /* Frameworks */ = {
			isa = PBXFrameworksBuildPhase;
			buildActionMask = 2147483647;
			files = (
			);
			runOnlyForDeploymentPostprocessing = 0;
		};
/* End PBXFrameworksBuildPhase section */

/* Begin PBXGroup section */
		3C13A70F2BAA4E2B00CC67B7 /* CoreMLModels */ = {
			isa = PBXGroup;
			children = (
				3C13A7122BAA63B700CC67B7 /* YOLOv8s.mlmodel */,
				3C13A7102BAA4E8D00CC67B7 /* YOLOv8n.mlmodel */,
			);
			path = CoreMLModels;
			sourceTree = "<group>";
		};
		3C54E3CA2BAA2717005BCD19 = {
			isa = PBXGroup;
			children = (
				3C54E3D52BAA2717005BCD19 /* YOLOv8SwiftUI */,
				3C54E3D42BAA2717005BCD19 /* Products */,
			);
			sourceTree = "<group>";
		};
		3C54E3D42BAA2717005BCD19 /* Products */ = {
			isa = PBXGroup;
			children = (
				3C54E3D32BAA2717005BCD19 /* YOLOv8SwiftUI.app */,
			);
			name = Products;
			sourceTree = "<group>";
		};
		3C54E3D52BAA2717005BCD19 /* YOLOv8SwiftUI */ = {
			isa = PBXGroup;
			children = (
				3C13A70F2BAA4E2B00CC67B7 /* CoreMLModels */,
				3C54E3D62BAA2717005BCD19 /* YOLOv8SwiftUIApp.swift */,
				3C54E3D82BAA2717005BCD19 /* ContentView.swift */,
				3C13A70D2BAA2F5F00CC67B7 /* Camera.swift */,
				3C54E3DA2BAA2719005BCD19 /* Assets.xcassets */,
				3C54E3DC2BAA2719005BCD19 /* YOLOv8SwiftUI.entitlements */,
				3C54E3DD2BAA2719005BCD19 /* Preview Content */,
			);
			path = YOLOv8SwiftUI;
			sourceTree = "<group>";
		};
		3C54E3DD2BAA2719005BCD19 /* Preview Content */ = {
			isa = PBXGroup;
			children = (
				3C54E3DE2BAA2719005BCD19 /* Preview Assets.xcassets */,
			);
			path = "Preview Content";
			sourceTree = "<group>";
		};
/* End PBXGroup section */

/* Begin PBXNativeTarget section */
		3C54E3D22BAA2717005BCD19 /* YOLOv8SwiftUI */ = {
			isa = PBXNativeTarget;
			buildConfigurationList = 3C54E3E22BAA2719005BCD19 /* Build configuration list for PBXNativeTarget "YOLOv8SwiftUI" */;
			buildPhases = (
				3C54E3CF2BAA2717005BCD19 /* Sources */,
				3C54E3D02BAA2717005BCD19 /* Frameworks */,
				3C54E3D12BAA2717005BCD19 /* Resources */,
			);
			buildRules = (
			);
			dependencies = (
			);
			name = YOLOv8SwiftUI;
			productName = YOLOv8SwiftUI;
			productReference = 3C54E3D32BAA2717005BCD19 /* YOLOv8SwiftUI.app */;
			productType = "com.apple.product-type.application";
		};
/* End PBXNativeTarget section */

/* Begin PBXProject section */
		3C54E3CB2BAA2717005BCD19 /* Project object */ = {
			isa = PBXProject;
			attributes = {
				BuildIndependentTargetsInParallel = 1;
				LastSwiftUpdateCheck = 1530;
				LastUpgradeCheck = 1530;
				TargetAttributes = {
					3C54E3D22BAA2717005BCD19 = {
						CreatedOnToolsVersion = 15.3;
					};
				};
			};
			buildConfigurationList = 3C54E3CE2BAA2717005BCD19 /* Build configuration list for PBXProject "YOLOv8SwiftUI" */;
			compatibilityVersion = "Xcode 14.0";
			developmentRegion = en;
			hasScannedForEncodings = 0;
			knownRegions = (
				en,
				Base,
			);
			mainGroup = 3C54E3CA2BAA2717005BCD19;
			productRefGroup = 3C54E3D42BAA2717005BCD19 /* Products */;
			projectDirPath = "";
			projectRoot = "";
			targets = (
				3C54E3D22BAA2717005BCD19 /* YOLOv8SwiftUI */,
			);
		};
/* End PBXProject section */

/* Begin PBXResourcesBuildPhase section */
		3C54E3D12BAA2717005BCD19 /* Resources */ = {
			isa = PBXResourcesBuildPhase;
			buildActionMask = 2147483647;
			files = (
				3C54E3DF2BAA2719005BCD19 /* Preview Assets.xcassets in Resources */,
				3C54E3DB2BAA2719005BCD19 /* Assets.xcassets in Resources */,
			);
			runOnlyForDeploymentPostprocessing = 0;
		};
/* End PBXResourcesBuildPhase section */

/* Begin PBXSourcesBuildPhase section */
		3C54E3CF2BAA2717005BCD19 /* Sources */ = {
			isa = PBXSourcesBuildPhase;
			buildActionMask = 2147483647;
			files = (
				3C54E3D92BAA2717005BCD19 /* ContentView.swift in Sources */,
				3C54E3D72BAA2717005BCD19 /* YOLOv8SwiftUIApp.swift in Sources */,
				3C13A7132BAA63B700CC67B7 /* YOLOv8s.mlmodel in Sources */,
				3C13A7112BAA4E8D00CC67B7 /* YOLOv8n.mlmodel in Sources */,
				3C13A70E2BAA2F5F00CC67B7 /* Camera.swift in Sources */,
			);
			runOnlyForDeploymentPostprocessing = 0;
		};
/* End PBXSourcesBuildPhase section */

/* Begin XCBuildConfiguration section */
		3C54E3E02BAA2719005BCD19 /* Debug */ = {
			isa = XCBuildConfiguration;
			buildSettings = {
				ALWAYS_SEARCH_USER_PATHS = NO;
				ASSETCATALOG_COMPILER_GENERATE_SWIFT_ASSET_SYMBOL_EXTENSIONS = YES;
				CLANG_ANALYZER_NONNULL = YES;
				CLANG_ANALYZER_NUMBER_OBJECT_CONVERSION = YES_AGGRESSIVE;
				CLANG_CXX_LANGUAGE_STANDARD = "gnu++20";
				CLANG_ENABLE_MODULES = YES;
				CLANG_ENABLE_OBJC_ARC = YES;
				CLANG_ENABLE_OBJC_WEAK = YES;
				CLANG_WARN_BLOCK_CAPTURE_AUTORELEASING = YES;
				CLANG_WARN_BOOL_CONVERSION = YES;
				CLANG_WARN_COMMA = YES;
				CLANG_WARN_CONSTANT_CONVERSION = YES;
				CLANG_WARN_DEPRECATED_OBJC_IMPLEMENTATIONS = YES;
				CLANG_WARN_DIRECT_OBJC_ISA_USAGE = YES_ERROR;
				CLANG_WARN_DOCUMENTATION_COMMENTS = YES;
				CLANG_WARN_EMPTY_BODY = YES;
				CLANG_WARN_ENUM_CONVERSION = YES;
				CLANG_WARN_INFINITE_RECURSION = YES;
				CLANG_WARN_INT_CONVERSION = YES;
				CLANG_WARN_NON_LITERAL_NULL_CONVERSION = YES;
				CLANG_WARN_OBJC_IMPLICIT_RETAIN_SELF = YES;
				CLANG_WARN_OBJC_LITERAL_CONVERSION = YES;
				CLANG_WARN_OBJC_ROOT_CLASS = YES_ERROR;
				CLANG_WARN_QUOTED_INCLUDE_IN_FRAMEWORK_HEADER = YES;
				CLANG_WARN_RANGE_LOOP_ANALYSIS = YES;
				CLANG_WARN_STRICT_PROTOTYPES = YES;
				CLANG_WARN_SUSPICIOUS_MOVE = YES;
				CLANG_WARN_UNGUARDED_AVAILABILITY = YES_AGGRESSIVE;
				CLANG_WARN_UNREACHABLE_CODE = YES;
				CLANG_WARN__DUPLICATE_METHOD_MATCH = YES;
				COPY_PHASE_STRIP = NO;
				DEBUG_INFORMATION_FORMAT = dwarf;
				ENABLE_STRICT_OBJC_MSGSEND = YES;
				ENABLE_TESTABILITY = YES;
				ENABLE_USER_SCRIPT_SANDBOXING = YES;
				GCC_C_LANGUAGE_STANDARD = gnu17;
				GCC_DYNAMIC_NO_PIC = NO;
				GCC_NO_COMMON_BLOCKS = YES;
				GCC_OPTIMIZATION_LEVEL = 0;
				GCC_PREPROCESSOR_DEFINITIONS = (
					"DEBUG=1",
					"$(inherited)",
				);
				GCC_WARN_64_TO_32_BIT_CONVERSION = YES;
				GCC_WARN_ABOUT_RETURN_TYPE = YES_ERROR;
				GCC_WARN_UNDECLARED_SELECTOR = YES;
				GCC_WARN_UNINITIALIZED_AUTOS = YES_AGGRESSIVE;
				GCC_WARN_UNUSED_FUNCTION = YES;
				GCC_WARN_UNUSED_VARIABLE = YES;
				LOCALIZATION_PREFERS_STRING_CATALOGS = YES;
				MTL_ENABLE_DEBUG_INFO = INCLUDE_SOURCE;
				MTL_FAST_MATH = YES;
				ONLY_ACTIVE_ARCH = YES;
				SWIFT_ACTIVE_COMPILATION_CONDITIONS = "DEBUG $(inherited)";
				SWIFT_OPTIMIZATION_LEVEL = "-Onone";
			};
			name = Debug;
		};
		3C54E3E12BAA2719005BCD19 /* Release */ = {
			isa = XCBuildConfiguration;
			buildSettings = {
				ALWAYS_SEARCH_USER_PATHS = NO;
				ASSETCATALOG_COMPILER_GENERATE_SWIFT_ASSET_SYMBOL_EXTENSIONS = YES;
				CLANG_ANALYZER_NONNULL = YES;
				CLANG_ANALYZER_NUMBER_OBJECT_CONVERSION = YES_AGGRESSIVE;
				CLANG_CXX_LANGUAGE_STANDARD = "gnu++20";
				CLANG_ENABLE_MODULES = YES;
				CLANG_ENABLE_OBJC_ARC = YES;
				CLANG_ENABLE_OBJC_WEAK = YES;
				CLANG_WARN_BLOCK_CAPTURE_AUTORELEASING = YES;
				CLANG_WARN_BOOL_CONVERSION = YES;
				CLANG_WARN_COMMA = YES;
				CLANG_WARN_CONSTANT_CONVERSION = YES;
				CLANG_WARN_DEPRECATED_OBJC_IMPLEMENTATIONS = YES;
				CLANG_WARN_DIRECT_OBJC_ISA_USAGE = YES_ERROR;
				CLANG_WARN_DOCUMENTATION_COMMENTS = YES;
				CLANG_WARN_EMPTY_BODY = YES;
				CLANG_WARN_ENUM_CONVERSION = YES;
				CLANG_WARN_INFINITE_RECURSION = YES;
				CLANG_WARN_INT_CONVERSION = YES;
				CLANG_WARN_NON_LITERAL_NULL_CONVERSION = YES;
				CLANG_WARN_OBJC_IMPLICIT_RETAIN_SELF = YES;
				CLANG_WARN_OBJC_LITERAL_CONVERSION = YES;
				CLANG_WARN_OBJC_ROOT_CLASS = YES_ERROR;
				CLANG_WARN_QUOTED_INCLUDE_IN_FRAMEWORK_HEADER = YES;
				CLANG_WARN_RANGE_LOOP_ANALYSIS = YES;
				CLANG_WARN_STRICT_PROTOTYPES = YES;
				CLANG_WARN_SUSPICIOUS_MOVE = YES;
				CLANG_WARN_UNGUARDED_AVAILABILITY = YES_AGGRESSIVE;
				CLANG_WARN_UNREACHABLE_CODE = YES;
				CLANG_WARN__DUPLICATE_METHOD_MATCH = YES;
				COPY_PHASE_STRIP = NO;
				DEBUG_INFORMATION_FORMAT = "dwarf-with-dsym";
				ENABLE_NS_ASSERTIONS = NO;
				ENABLE_STRICT_OBJC_MSGSEND = YES;
				ENABLE_USER_SCRIPT_SANDBOXING = YES;
				GCC_C_LANGUAGE_STANDARD = gnu17;
				GCC_NO_COMMON_BLOCKS = YES;
				GCC_WARN_64_TO_32_BIT_CONVERSION = YES;
				GCC_WARN_ABOUT_RETURN_TYPE = YES_ERROR;
				GCC_WARN_UNDECLARED_SELECTOR = YES;
				GCC_WARN_UNINITIALIZED_AUTOS = YES_AGGRESSIVE;
				GCC_WARN_UNUSED_FUNCTION = YES;
				GCC_WARN_UNUSED_VARIABLE = YES;
				LOCALIZATION_PREFERS_STRING_CATALOGS = YES;
				MTL_ENABLE_DEBUG_INFO = NO;
				MTL_FAST_MATH = YES;
				SWIFT_COMPILATION_MODE = wholemodule;
			};
			name = Release;
		};
		3C54E3E32BAA2719005BCD19 /* Debug */ = {
			isa = XCBuildConfiguration;
			buildSettings = {
				ASSETCATALOG_COMPILER_APPICON_NAME = AppIcon;
				ASSETCATALOG_COMPILER_GLOBAL_ACCENT_COLOR_NAME = AccentColor;
				CODE_SIGN_ENTITLEMENTS = YOLOv8SwiftUI/YOLOv8SwiftUI.entitlements;
				CODE_SIGN_STYLE = Automatic;
				CURRENT_PROJECT_VERSION = 1;
				DEVELOPMENT_ASSET_PATHS = "\"YOLOv8SwiftUI/Preview Content\"";
				DEVELOPMENT_TEAM = MKA944ZRT8;
				ENABLE_HARDENED_RUNTIME = YES;
				ENABLE_PREVIEWS = YES;
				GENERATE_INFOPLIST_FILE = YES;
				INFOPLIST_KEY_NSCameraUsageDescription = "YOLOv8SwiftUI uses camera to detect objects.";
				"INFOPLIST_KEY_UIApplicationSceneManifest_Generation[sdk=iphoneos*]" = YES;
				"INFOPLIST_KEY_UIApplicationSceneManifest_Generation[sdk=iphonesimulator*]" = YES;
				"INFOPLIST_KEY_UIApplicationSupportsIndirectInputEvents[sdk=iphoneos*]" = YES;
				"INFOPLIST_KEY_UIApplicationSupportsIndirectInputEvents[sdk=iphonesimulator*]" = YES;
				"INFOPLIST_KEY_UILaunchScreen_Generation[sdk=iphoneos*]" = YES;
				"INFOPLIST_KEY_UILaunchScreen_Generation[sdk=iphonesimulator*]" = YES;
				"INFOPLIST_KEY_UIStatusBarStyle[sdk=iphoneos*]" = UIStatusBarStyleDefault;
				"INFOPLIST_KEY_UIStatusBarStyle[sdk=iphonesimulator*]" = UIStatusBarStyleDefault;
				INFOPLIST_KEY_UISupportedInterfaceOrientations_iPad = "UIInterfaceOrientationPortrait UIInterfaceOrientationPortraitUpsideDown UIInterfaceOrientationLandscapeLeft UIInterfaceOrientationLandscapeRight";
				INFOPLIST_KEY_UISupportedInterfaceOrientations_iPhone = "UIInterfaceOrientationPortrait UIInterfaceOrientationLandscapeLeft UIInterfaceOrientationLandscapeRight";
				IPHONEOS_DEPLOYMENT_TARGET = 17.0;
				LD_RUNPATH_SEARCH_PATHS = "@executable_path/Frameworks";
				"LD_RUNPATH_SEARCH_PATHS[sdk=macosx*]" = "@executable_path/../Frameworks";
				MACOSX_DEPLOYMENT_TARGET = 14.0;
				MARKETING_VERSION = 1.0;
				PRODUCT_BUNDLE_IDENTIFIER = com.jinshub.YOLOv8SwiftUI;
				PRODUCT_NAME = "$(TARGET_NAME)";
				SDKROOT = auto;
				SUPPORTED_PLATFORMS = "iphoneos iphonesimulator macosx";
				SWIFT_EMIT_LOC_STRINGS = YES;
				SWIFT_VERSION = 5.0;
				TARGETED_DEVICE_FAMILY = "1,2";
			};
			name = Debug;
		};
		3C54E3E42BAA2719005BCD19 /* Release */ = {
			isa = XCBuildConfiguration;
			buildSettings = {
				ASSETCATALOG_COMPILER_APPICON_NAME = AppIcon;
				ASSETCATALOG_COMPILER_GLOBAL_ACCENT_COLOR_NAME = AccentColor;
				CODE_SIGN_ENTITLEMENTS = YOLOv8SwiftUI/YOLOv8SwiftUI.entitlements;
				CODE_SIGN_STYLE = Automatic;
				CURRENT_PROJECT_VERSION = 1;
				DEVELOPMENT_ASSET_PATHS = "\"YOLOv8SwiftUI/Preview Content\"";
				DEVELOPMENT_TEAM = MKA944ZRT8;
				ENABLE_HARDENED_RUNTIME = YES;
				ENABLE_PREVIEWS = YES;
				GENERATE_INFOPLIST_FILE = YES;
				INFOPLIST_KEY_NSCameraUsageDescription = "YOLOv8SwiftUI uses camera to detect objects.";
				"INFOPLIST_KEY_UIApplicationSceneManifest_Generation[sdk=iphoneos*]" = YES;
				"INFOPLIST_KEY_UIApplicationSceneManifest_Generation[sdk=iphonesimulator*]" = YES;
				"INFOPLIST_KEY_UIApplicationSupportsIndirectInputEvents[sdk=iphoneos*]" = YES;
				"INFOPLIST_KEY_UIApplicationSupportsIndirectInputEvents[sdk=iphonesimulator*]" = YES;
				"INFOPLIST_KEY_UILaunchScreen_Generation[sdk=iphoneos*]" = YES;
				"INFOPLIST_KEY_UILaunchScreen_Generation[sdk=iphonesimulator*]" = YES;
				"INFOPLIST_KEY_UIStatusBarStyle[sdk=iphoneos*]" = UIStatusBarStyleDefault;
				"INFOPLIST_KEY_UIStatusBarStyle[sdk=iphonesimulator*]" = UIStatusBarStyleDefault;
				INFOPLIST_KEY_UISupportedInterfaceOrientations_iPad = "UIInterfaceOrientationPortrait UIInterfaceOrientationPortraitUpsideDown UIInterfaceOrientationLandscapeLeft UIInterfaceOrientationLandscapeRight";
				INFOPLIST_KEY_UISupportedInterfaceOrientations_iPhone = "UIInterfaceOrientationPortrait UIInterfaceOrientationLandscapeLeft UIInterfaceOrientationLandscapeRight";
				IPHONEOS_DEPLOYMENT_TARGET = 17.0;
				LD_RUNPATH_SEARCH_PATHS = "@executable_path/Frameworks";
				"LD_RUNPATH_SEARCH_PATHS[sdk=macosx*]" = "@executable_path/../Frameworks";
				MACOSX_DEPLOYMENT_TARGET = 14.0;
				MARKETING_VERSION = 1.0;
				PRODUCT_BUNDLE_IDENTIFIER = com.jinshub.YOLOv8SwiftUI;
				PRODUCT_NAME = "$(TARGET_NAME)";
				SDKROOT = auto;
				SUPPORTED_PLATFORMS = "iphoneos iphonesimulator macosx";
				SWIFT_EMIT_LOC_STRINGS = YES;
				SWIFT_VERSION = 5.0;
				TARGETED_DEVICE_FAMILY = "1,2";
			};
			name = Release;
		};
/* End XCBuildConfiguration section */

/* Begin XCConfigurationList section */
		3C54E3CE2BAA2717005BCD19 /* Build configuration list for PBXProject "YOLOv8SwiftUI" */ = {
			isa = XCConfigurationList;
			buildConfigurations = (
				3C54E3E02BAA2719005BCD19 /* Debug */,
				3C54E3E12BAA2719005BCD19 /* Release */,
			);
			defaultConfigurationIsVisible = 0;
			defaultConfigurationName = Release;
		};
		3C54E3E22BAA2719005BCD19 /* Build configuration list for PBXNativeTarget "YOLOv8SwiftUI" */ = {
			isa = XCConfigurationList;
			buildConfigurations = (
				3C54E3E32BAA2719005BCD19 /* Debug */,
				3C54E3E42BAA2719005BCD19 /* Release */,
			);
			defaultConfigurationIsVisible = 0;
			defaultConfigurationName = Release;
		};
/* End XCConfigurationList section */
	};
	rootObject = 3C54E3CB2BAA2717005BCD19 /* Project object */;
}
